
Microsoft Visual Studio Solution File, Format Version 12.00
# Visual Studio Version 17
VisualStudioVersion = 17.3.32929.385
MinimumVisualStudioVersion = 10.0.40219.1
Project("{FAE04EC0-301F-11D3-BF4B-00C04F79EFBC}") = "E-CommerceDapperAK", "E-CommerceDapperAK\E-CommerceDapperAK.csproj", "{C4106C39-09D7-438E-AF2F-0FD742903C3F}"
EndProject
Global
	GlobalSection(SolutionConfigurationPlatforms) = preSolution
		Debug|Any CPU = Debug|Any CPU
		Release|Any CPU = Release|Any CPU
	EndGlobalSection
	GlobalSection(ProjectConfigurationPlatforms) = postSolution
		{C4106C39-09D7-438E-AF2F-0FD742903C3F}.Debug|Any CPU.ActiveCfg = Debug|Any CPU
		{C4106C39-09D7-438E-AF2F-0FD742903C3F}.Debug|Any CPU.Build.0 = Debug|Any CPU
		{C4106C39-09D7-438E-AF2F-0FD742903C3F}.Release|Any CPU.ActiveCfg = Release|Any CPU
		{C4106C39-09D7-438E-AF2F-0FD742903C3F}.Release|Any CPU.Build.0 = Release|Any CPU
	EndGlobalSection
	GlobalSection(SolutionProperties) = preSolution
		HideSolutionNode = FALSE
	EndGlobalSection
	GlobalSection(ExtensibilityGlobals) = postSolution
		SolutionGuid = {887336DE-3A45-49D8-9F63-CF289D379829}
	EndGlobalSection
EndGlobal
